
Microsoft Visual Studio Solution File, Format Version 12.00
# Visual Studio Version 16
VisualStudioVersion = 16.0.30907.101
MinimumVisualStudioVersion = 10.0.40219.1
Project("{FAE04EC0-301F-11D3-BF4B-00C04F79EFBC}") = "CoffeeShop_Aashi_Samuel_COMP306_Project", "CoffeeShop_Aashi_Samuel_COMP306_Project\CoffeeShop_Aashi_Samuel_COMP306_Project.csproj", "{DCE391D2-0429-4418-A3EB-726A4E834E4D}"
EndProject
Global
	GlobalSection(SolutionConfigurationPlatforms) = preSolution
		Debug|Any CPU = Debug|Any CPU
		Release|Any CPU = Release|Any CPU
	EndGlobalSection
	GlobalSection(ProjectConfigurationPlatforms) = postSolution
		{DCE391D2-0429-4418-A3EB-726A4E834E4D}.Debug|Any CPU.ActiveCfg = Debug|Any CPU
		{DCE391D2-0429-4418-A3EB-726A4E834E4D}.Debug|Any CPU.Build.0 = Debug|Any CPU
		{DCE391D2-0429-4418-A3EB-726A4E834E4D}.Release|Any CPU.ActiveCfg = Release|Any CPU
		{DCE391D2-0429-4418-A3EB-726A4E834E4D}.Release|Any CPU.Build.0 = Release|Any CPU
	EndGlobalSection
	GlobalSection(SolutionProperties) = preSolution
		HideSolutionNode = FALSE
	EndGlobalSection
	GlobalSection(ExtensibilityGlobals) = postSolution
		SolutionGuid = {3FE6761A-D928-4D04-A871-1252C26AB75B}
	EndGlobalSection
EndGlobal
